
Microsoft Visual Studio Solution File, Format Version 12.00
# Visual Studio Version 17
VisualStudioVersion = 17.5.002.0
MinimumVisualStudioVersion = 10.0.40219.1
Project("{9A19103F-16F7-4668-BE54-9A1E7A4F7556}") = "first-console-app", "first-console-app.csproj", "{F481DB3C-2330-45DE-A0E0-8B2173D63A2B}"
EndProject
Global
	GlobalSection(SolutionConfigurationPlatforms) = preSolution
		Debug|Any CPU = Debug|Any CPU
		Release|Any CPU = Release|Any CPU
	EndGlobalSection
	GlobalSection(ProjectConfigurationPlatforms) = postSolution
		{F481DB3C-2330-45DE-A0E0-8B2173D63A2B}.Debug|Any CPU.ActiveCfg = Debug|Any CPU
		{F481DB3C-2330-45DE-A0E0-8B2173D63A2B}.Debug|Any CPU.Build.0 = Debug|Any CPU
		{F481DB3C-2330-45DE-A0E0-8B2173D63A2B}.Release|Any CPU.ActiveCfg = Release|Any CPU
		{F481DB3C-2330-45DE-A0E0-8B2173D63A2B}.Release|Any CPU.Build.0 = Release|Any CPU
	EndGlobalSection
	GlobalSection(SolutionProperties) = preSolution
		HideSolutionNode = FALSE
	EndGlobalSection
	GlobalSection(ExtensibilityGlobals) = postSolution
		SolutionGuid = {F1D20C23-C42D-4CD1-B0A2-3F48A2A60798}
	EndGlobalSection
EndGlobal
